
Microsoft Visual Studio Solution File, Format Version 12.00
# Visual Studio Version 17
VisualStudioVersion = 17.8.34309.116
MinimumVisualStudioVersion = 10.0.40219.1
Project("{2150E333-8FDC-42A3-9474-1A3956D46DE8}") = "Src", "Src", "{72BDBEC7-8B5E-4768-9EC3-D40096C14BCB}"
EndProject
Project("{2150E333-8FDC-42A3-9474-1A3956D46DE8}") = "Common", "Common", "{A0F44223-3775-46A0-AA0A-44824A4FB019}"
EndProject
Project("{2150E333-8FDC-42A3-9474-1A3956D46DE8}") = "Core", "Core", "{E68ECF7F-BD47-4CD3-A1DC-BD28E5D94AB3}"
EndProject
Project("{2150E333-8FDC-42A3-9474-1A3956D46DE8}") = "Infrastructure", "Infrastructure", "{D98A4941-7035-495C-A335-9EFC0C15CE3F}"
EndProject
Project("{2150E333-8FDC-42A3-9474-1A3956D46DE8}") = "Presentation", "Presentation", "{4AD01874-4436-449A-B84C-9FB154F2E072}"
EndProject
Project("{9A19103F-16F7-4668-BE54-9A1E7A4F7556}") = "ELM.Core.Common", "Src\Common\ELM.Core.Common\ELM.Core.Common.csproj", "{EFA16E05-9EAB-4A4E-B84B-5AAB2E37723E}"
EndProject
Project("{9A19103F-16F7-4668-BE54-9A1E7A4F7556}") = "ELM.Core.Application", "Src\Core\ELM.Core.Application\ELM.Core.Application.csproj", "{4C203536-DCDA-409A-B72C-D4B386470ED2}"
EndProject
Project("{9A19103F-16F7-4668-BE54-9A1E7A4F7556}") = "ELM.Core.Domain", "Src\Core\ELM.Core.Domain\ELM.Core.Domain.csproj", "{623883D8-6682-4303-B6F7-07893DF97C93}"
EndProject
Project("{9A19103F-16F7-4668-BE54-9A1E7A4F7556}") = "ELM.Core.Infrastructure", "Src\Infrastructure\ELM.Core.Infrastructure\ELM.Core.Infrastructure.csproj", "{B1C68AA9-564D-45D0-B47D-A2562BED6398}"
EndProject
Project("{9A19103F-16F7-4668-BE54-9A1E7A4F7556}") = "ELM.Core.Persistence", "Src\Infrastructure\ELM.Core.Persistence\ELM.Core.Persistence.csproj", "{2C1BFEF4-F3C4-4AEE-AE11-1562AF02AE6D}"
EndProject
Project("{9A19103F-16F7-4668-BE54-9A1E7A4F7556}") = "ELM.Core.Presentation", "Src\Presentation\ELM.Core.Presentation\ELM.Core.Presentation.csproj", "{E26AB276-8A7D-44CA-B655-B3DF4081737B}"
EndProject
Global
	GlobalSection(SolutionConfigurationPlatforms) = preSolution
		Debug|Any CPU = Debug|Any CPU
		Release|Any CPU = Release|Any CPU
	EndGlobalSection
	GlobalSection(ProjectConfigurationPlatforms) = postSolution
		{EFA16E05-9EAB-4A4E-B84B-5AAB2E37723E}.Debug|Any CPU.ActiveCfg = Debug|Any CPU
		{EFA16E05-9EAB-4A4E-B84B-5AAB2E37723E}.Debug|Any CPU.Build.0 = Debug|Any CPU
		{EFA16E05-9EAB-4A4E-B84B-5AAB2E37723E}.Release|Any CPU.ActiveCfg = Release|Any CPU
		{EFA16E05-9EAB-4A4E-B84B-5AAB2E37723E}.Release|Any CPU.Build.0 = Release|Any CPU
		{4C203536-DCDA-409A-B72C-D4B386470ED2}.Debug|Any CPU.ActiveCfg = Debug|Any CPU
		{4C203536-DCDA-409A-B72C-D4B386470ED2}.Debug|Any CPU.Build.0 = Debug|Any CPU
		{4C203536-DCDA-409A-B72C-D4B386470ED2}.Release|Any CPU.ActiveCfg = Release|Any CPU
		{4C203536-DCDA-409A-B72C-D4B386470ED2}.Release|Any CPU.Build.0 = Release|Any CPU
		{623883D8-6682-4303-B6F7-07893DF97C93}.Debug|Any CPU.ActiveCfg = Debug|Any CPU
		{623883D8-6682-4303-B6F7-07893DF97C93}.Debug|Any CPU.Build.0 = Debug|Any CPU
		{623883D8-6682-4303-B6F7-07893DF97C93}.Release|Any CPU.ActiveCfg = Release|Any CPU
		{623883D8-6682-4303-B6F7-07893DF97C93}.Release|Any CPU.Build.0 = Release|Any CPU
		{B1C68AA9-564D-45D0-B47D-A2562BED6398}.Debug|Any CPU.ActiveCfg = Debug|Any CPU
		{B1C68AA9-564D-45D0-B47D-A2562BED6398}.Debug|Any CPU.Build.0 = Debug|Any CPU
		{B1C68AA9-564D-45D0-B47D-A2562BED6398}.Release|Any CPU.ActiveCfg = Release|Any CPU
		{B1C68AA9-564D-45D0-B47D-A2562BED6398}.Release|Any CPU.Build.0 = Release|Any CPU
		{2C1BFEF4-F3C4-4AEE-AE11-1562AF02AE6D}.Debug|Any CPU.ActiveCfg = Debug|Any CPU
		{2C1BFEF4-F3C4-4AEE-AE11-1562AF02AE6D}.Debug|Any CPU.Build.0 = Debug|Any CPU
		{2C1BFEF4-F3C4-4AEE-AE11-1562AF02AE6D}.Release|Any CPU.ActiveCfg = Release|Any CPU
		{2C1BFEF4-F3C4-4AEE-AE11-1562AF02AE6D}.Release|Any CPU.Build.0 = Release|Any CPU
		{E26AB276-8A7D-44CA-B655-B3DF4081737B}.Debug|Any CPU.ActiveCfg = Debug|Any CPU
		{E26AB276-8A7D-44CA-B655-B3DF4081737B}.Debug|Any CPU.Build.0 = Debug|Any CPU
		{E26AB276-8A7D-44CA-B655-B3DF4081737B}.Release|Any CPU.ActiveCfg = Release|Any CPU
		{E26AB276-8A7D-44CA-B655-B3DF4081737B}.Release|Any CPU.Build.0 = Release|Any CPU
	EndGlobalSection
	GlobalSection(SolutionProperties) = preSolution
		HideSolutionNode = FALSE
	EndGlobalSection
	GlobalSection(NestedProjects) = preSolution
		{A0F44223-3775-46A0-AA0A-44824A4FB019} = {72BDBEC7-8B5E-4768-9EC3-D40096C14BCB}
		{E68ECF7F-BD47-4CD3-A1DC-BD28E5D94AB3} = {72BDBEC7-8B5E-4768-9EC3-D40096C14BCB}
		{D98A4941-7035-495C-A335-9EFC0C15CE3F} = {72BDBEC7-8B5E-4768-9EC3-D40096C14BCB}
		{4AD01874-4436-449A-B84C-9FB154F2E072} = {72BDBEC7-8B5E-4768-9EC3-D40096C14BCB}
		{EFA16E05-9EAB-4A4E-B84B-5AAB2E37723E} = {A0F44223-3775-46A0-AA0A-44824A4FB019}
		{4C203536-DCDA-409A-B72C-D4B386470ED2} = {E68ECF7F-BD47-4CD3-A1DC-BD28E5D94AB3}
		{623883D8-6682-4303-B6F7-07893DF97C93} = {E68ECF7F-BD47-4CD3-A1DC-BD28E5D94AB3}
		{B1C68AA9-564D-45D0-B47D-A2562BED6398} = {D98A4941-7035-495C-A335-9EFC0C15CE3F}
		{2C1BFEF4-F3C4-4AEE-AE11-1562AF02AE6D} = {D98A4941-7035-495C-A335-9EFC0C15CE3F}
		{E26AB276-8A7D-44CA-B655-B3DF4081737B} = {4AD01874-4436-449A-B84C-9FB154F2E072}
	EndGlobalSection
	GlobalSection(ExtensibilityGlobals) = postSolution
		SolutionGuid = {A854C926-79CA-4986-A15F-0E33F59C3850}
	EndGlobalSection
EndGlobal
